// !$*UTF8*$!
{
	archiveVersion = 1;
	classes = {
	};
	objectVersion = 46;
	objects = {

/* Begin PBXBuildFile section */
		E7B2EF98190AA65200EEE931 /* Foundation.framework in Frameworks */ = {isa = PBXBuildFile; fileRef = E7B2EF97190AA65200EEE931 /* Foundation.framework */; };
		E7B2EF9A190AA65200EEE931 /* CoreGraphics.framework in Frameworks */ = {isa = PBXBuildFile; fileRef = E7B2EF99190AA65200EEE931 /* CoreGraphics.framework */; };
		E7B2EF9C190AA65200EEE931 /* UIKit.framework in Frameworks */ = {isa = PBXBuildFile; fileRef = E7B2EF9B190AA65200EEE931 /* UIKit.framework */; };
		E7B2EFA2190AA65200EEE931 /* InfoPlist.strings in Resources */ = {isa = PBXBuildFile; fileRef = E7B2EFA0190AA65200EEE931 /* InfoPlist.strings */; };
		E7B2EFA4190AA65200EEE931 /* main.m in Sources */ = {isa = PBXBuildFile; fileRef = E7B2EFA3190AA65200EEE931 /* main.m */; };
		E7B2EFA8190AA65200EEE931 /* WUAppDelegate.m in Sources */ = {isa = PBXBuildFile; fileRef = E7B2EFA7190AA65200EEE931 /* WUAppDelegate.m */; };
		E7B2EFAB190AA65200EEE931 /* Main.storyboard in Resources */ = {isa = PBXBuildFile; fileRef = E7B2EFA9190AA65200EEE931 /* Main.storyboard */; };
		E7B2EFAE190AA65200EEE931 /* WUViewController.m in Sources */ = {isa = PBXBuildFile; fileRef = E7B2EFAD190AA65200EEE931 /* WUViewController.m */; };
		E7B2EFB0190AA65200EEE931 /* Images.xcassets in Resources */ = {isa = PBXBuildFile; fileRef = E7B2EFAF190AA65200EEE931 /* Images.xcassets */; };
		E7B2EFB7190AA65300EEE931 /* XCTest.framework in Frameworks */ = {isa = PBXBuildFile; fileRef = E7B2EFB6190AA65300EEE931 /* XCTest.framework */; };
		E7B2EFB8190AA65300EEE931 /* Foundation.framework in Frameworks */ = {isa = PBXBuildFile; fileRef = E7B2EF97190AA65200EEE931 /* Foundation.framework */; };
		E7B2EFB9190AA65300EEE931 /* UIKit.framework in Frameworks */ = {isa = PBXBuildFile; fileRef = E7B2EF9B190AA65200EEE931 /* UIKit.framework */; };
		E7B2EFC1190AA65300EEE931 /* InfoPlist.strings in Resources */ = {isa = PBXBuildFile; fileRef = E7B2EFBF190AA65300EEE931 /* InfoPlist.strings */; };
		E7B2EFC3190AA65300EEE931 /* WeatherUndergroundTests.m in Sources */ = {isa = PBXBuildFile; fileRef = E7B2EFC2190AA65300EEE931 /* WeatherUndergroundTests.m */; };
/* End PBXBuildFile section */

/* Begin PBXContainerItemProxy section */
		E7B2EFBA190AA65300EEE931 /* PBXContainerItemProxy */ = {
			isa = PBXContainerItemProxy;
			containerPortal = E7B2EF8C190AA65200EEE931 /* Project object */;
			proxyType = 1;
			remoteGlobalIDString = E7B2EF93190AA65200EEE931;
			remoteInfo = WeatherUnderground;
		};
/* End PBXContainerItemProxy section */

/* Begin PBXFileReference section */
		E7B2EF94190AA65200EEE931 /* WeatherUnderground.app */ = {isa = PBXFileReference; explicitFileType = wrapper.application; includeInIndex = 0; path = WeatherUnderground.app; sourceTree = BUILT_PRODUCTS_DIR; };
		E7B2EF97190AA65200EEE931 /* Foundation.framework */ = {isa = PBXFileReference; lastKnownFileType = wrapper.framework; name = Foundation.framework; path = System/Library/Frameworks/Foundation.framework; sourceTree = SDKROOT; };
		E7B2EF99190AA65200EEE931 /* CoreGraphics.framework */ = {isa = PBXFileReference; lastKnownFileType = wrapper.framework; name = CoreGraphics.framework; path = System/Library/Frameworks/CoreGraphics.framework; sourceTree = SDKROOT; };
		E7B2EF9B190AA65200EEE931 /* UIKit.framework */ = {isa = PBXFileReference; lastKnownFileType = wrapper.framework; name = UIKit.framework; path = System/Library/Frameworks/UIKit.framework; sourceTree = SDKROOT; };
		E7B2EF9F190AA65200EEE931 /* WeatherUnderground-Info.plist */ = {isa = PBXFileReference; lastKnownFileType = text.plist.xml; path = "WeatherUnderground-Info.plist"; sourceTree = "<group>"; };
		E7B2EFA1190AA65200EEE931 /* en */ = {isa = PBXFileReference; lastKnownFileType = text.plist.strings; name = en; path = en.lproj/InfoPlist.strings; sourceTree = "<group>"; };
		E7B2EFA3190AA65200EEE931 /* main.m */ = {isa = PBXFileReference; lastKnownFileType = sourcecode.c.objc; path = main.m; sourceTree = "<group>"; };
		E7B2EFA5190AA65200EEE931 /* WeatherUnderground-Prefix.pch */ = {isa = PBXFileReference; lastKnownFileType = sourcecode.c.h; path = "WeatherUnderground-Prefix.pch"; sourceTree = "<group>"; };
		E7B2EFA6190AA65200EEE931 /* WUAppDelegate.h */ = {isa = PBXFileReference; lastKnownFileType = sourcecode.c.h; path = WUAppDelegate.h; sourceTree = "<group>"; };
		E7B2EFA7190AA65200EEE931 /* WUAppDelegate.m */ = {isa = PBXFileReference; lastKnownFileType = sourcecode.c.objc; path = WUAppDelegate.m; sourceTree = "<group>"; };
		E7B2EFAA190AA65200EEE931 /* Base */ = {isa = PBXFileReference; lastKnownFileType = file.storyboard; name = Base; path = Base.lproj/Main.storyboard; sourceTree = "<group>"; };
		E7B2EFAC190AA65200EEE931 /* WUViewController.h */ = {isa = PBXFileReference; lastKnownFileType = sourcecode.c.h; path = WUViewController.h; sourceTree = "<group>"; };
		E7B2EFAD190AA65200EEE931 /* WUViewController.m */ = {isa = PBXFileReference; lastKnownFileType = sourcecode.c.objc; path = WUViewController.m; sourceTree = "<group>"; };
		E7B2EFAF190AA65200EEE931 /* Images.xcassets */ = {isa = PBXFileReference; lastKnownFileType = folder.assetcatalog; path = Images.xcassets; sourceTree = "<group>"; };
		E7B2EFB5190AA65300EEE931 /* WeatherUndergroundTests.xctest */ = {isa = PBXFileReference; explicitFileType = wrapper.cfbundle; includeInIndex = 0; path = WeatherUndergroundTests.xctest; sourceTree = BUILT_PRODUCTS_DIR; };
		E7B2EFB6190AA65300EEE931 /* XCTest.framework */ = {isa = PBXFileReference; lastKnownFileType = wrapper.framework; name = XCTest.framework; path = Library/Frameworks/XCTest.framework; sourceTree = DEVELOPER_DIR; };
		E7B2EFBE190AA65300EEE931 /* WeatherUndergroundTests-Info.plist */ = {isa = PBXFileReference; lastKnownFileType = text.plist.xml; path = "WeatherUndergroundTests-Info.plist"; sourceTree = "<group>"; };
		E7B2EFC0190AA65300EEE931 /* en */ = {isa = PBXFileReference; lastKnownFileType = text.plist.strings; name = en; path = en.lproj/InfoPlist.strings; sourceTree = "<group>"; };
		E7B2EFC2190AA65300EEE931 /* WeatherUndergroundTests.m */ = {isa = PBXFileReference; lastKnownFileType = sourcecode.c.objc; path = WeatherUndergroundTests.m; sourceTree = "<group>"; };
/* End PBXFileReference section */

/* Begin PBXFrameworksBuildPhase section */
		E7B2EF91190AA65200EEE931 /* Frameworks */ = {
			isa = PBXFrameworksBuildPhase;
			buildActionMask = 2147483647;
			files = (
				E7B2EF9A190AA65200EEE931 /* CoreGraphics.framework in Frameworks */,
				E7B2EF9C190AA65200EEE931 /* UIKit.framework in Frameworks */,
				E7B2EF98190AA65200EEE931 /* Foundation.framework in Frameworks */,
			);
			runOnlyForDeploymentPostprocessing = 0;
		};
		E7B2EFB2190AA65300EEE931 /* Frameworks */ = {
			isa = PBXFrameworksBuildPhase;
			buildActionMask = 2147483647;
			files = (
				E7B2EFB7190AA65300EEE931 /* XCTest.framework in Frameworks */,
				E7B2EFB9190AA65300EEE931 /* UIKit.framework in Frameworks */,
				E7B2EFB8190AA65300EEE931 /* Foundation.framework in Frameworks */,
			);
			runOnlyForDeploymentPostprocessing = 0;
		};
/* End PBXFrameworksBuildPhase section */

/* Begin PBXGroup section */
		E7B2EF8B190AA65200EEE931 = {
			isa = PBXGroup;
			children = (
				E7B2EF9D190AA65200EEE931 /* WeatherUnderground */,
				E7B2EFBC190AA65300EEE931 /* WeatherUndergroundTests */,
				E7B2EF96190AA65200EEE931 /* Frameworks */,
				E7B2EF95190AA65200EEE931 /* Products */,
			);
			sourceTree = "<group>";
		};
		E7B2EF95190AA65200EEE931 /* Products */ = {
			isa = PBXGroup;
			children = (
				E7B2EF94190AA65200EEE931 /* WeatherUnderground.app */,
				E7B2EFB5190AA65300EEE931 /* WeatherUndergroundTests.xctest */,
			);
			name = Products;
			sourceTree = "<group>";
		};
		E7B2EF96190AA65200EEE931 /* Frameworks */ = {
			isa = PBXGroup;
			children = (
				E7B2EF97190AA65200EEE931 /* Foundation.framework */,
				E7B2EF99190AA65200EEE931 /* CoreGraphics.framework */,
				E7B2EF9B190AA65200EEE931 /* UIKit.framework */,
				E7B2EFB6190AA65300EEE931 /* XCTest.framework */,
			);
			name = Frameworks;
			sourceTree = "<group>";
		};
		E7B2EF9D190AA65200EEE931 /* WeatherUnderground */ = {
			isa = PBXGroup;
			children = (
				E7B2EFA6190AA65200EEE931 /* WUAppDelegate.h */,
				E7B2EFA7190AA65200EEE931 /* WUAppDelegate.m */,
				E7B2EFA9190AA65200EEE931 /* Main.storyboard */,
				E7B2EFAC190AA65200EEE931 /* WUViewController.h */,
				E7B2EFAD190AA65200EEE931 /* WUViewController.m */,
				E7B2EFAF190AA65200EEE931 /* Images.xcassets */,
				E7B2EF9E190AA65200EEE931 /* Supporting Files */,
			);
			path = WeatherUnderground;
			sourceTree = "<group>";
		};
		E7B2EF9E190AA65200EEE931 /* Supporting Files */ = {
			isa = PBXGroup;
			children = (
				E7B2EF9F190AA65200EEE931 /* WeatherUnderground-Info.plist */,
				E7B2EFA0190AA65200EEE931 /* InfoPlist.strings */,
				E7B2EFA3190AA65200EEE931 /* main.m */,
				E7B2EFA5190AA65200EEE931 /* WeatherUnderground-Prefix.pch */,
			);
			name = "Supporting Files";
			sourceTree = "<group>";
		};
		E7B2EFBC190AA65300EEE931 /* WeatherUndergroundTests */ = {
			isa = PBXGroup;
			children = (
				E7B2EFC2190AA65300EEE931 /* WeatherUndergroundTests.m */,
				E7B2EFBD190AA65300EEE931 /* Supporting Files */,
			);
			path = WeatherUndergroundTests;
			sourceTree = "<group>";
		};
		E7B2EFBD190AA65300EEE931 /* Supporting Files */ = {
			isa = PBXGroup;
			children = (
				E7B2EFBE190AA65300EEE931 /* WeatherUndergroundTests-Info.plist */,
				E7B2EFBF190AA65300EEE931 /* InfoPlist.strings */,
			);
			name = "Supporting Files";
			sourceTree = "<group>";
		};
/* End PBXGroup section */

/* Begin PBXNativeTarget section */
		E7B2EF93190AA65200EEE931 /* WeatherUnderground */ = {
			isa = PBXNativeTarget;
			buildConfigurationList = E7B2EFC6190AA65300EEE931 /* Build configuration list for PBXNativeTarget "WeatherUnderground" */;
			buildPhases = (
				E7B2EF90190AA65200EEE931 /* Sources */,
				E7B2EF91190AA65200EEE931 /* Frameworks */,
				E7B2EF92190AA65200EEE931 /* Resources */,
			);
			buildRules = (
			);
			dependencies = (
			);
			name = WeatherUnderground;
			productName = WeatherUnderground;
			productReference = E7B2EF94190AA65200EEE931 /* WeatherUnderground.app */;
			productType = "com.apple.product-type.application";
		};
		E7B2EFB4190AA65300EEE931 /* WeatherUndergroundTests */ = {
			isa = PBXNativeTarget;
			buildConfigurationList = E7B2EFC9190AA65300EEE931 /* Build configuration list for PBXNativeTarget "WeatherUndergroundTests" */;
			buildPhases = (
				E7B2EFB1190AA65300EEE931 /* Sources */,
				E7B2EFB2190AA65300EEE931 /* Frameworks */,
				E7B2EFB3190AA65300EEE931 /* Resources */,
			);
			buildRules = (
			);
			dependencies = (
				E7B2EFBB190AA65300EEE931 /* PBXTargetDependency */,
			);
			name = WeatherUndergroundTests;
			productName = WeatherUndergroundTests;
			productReference = E7B2EFB5190AA65300EEE931 /* WeatherUndergroundTests.xctest */;
			productType = "com.apple.product-type.bundle.unit-test";
		};
/* End PBXNativeTarget section */

/* Begin PBXProject section */
		E7B2EF8C190AA65200EEE931 /* Project object */ = {
			isa = PBXProject;
			attributes = {
				CLASSPREFIX = WU;
				LastUpgradeCheck = 0510;
				ORGANIZATIONNAME = "Nate West";
				TargetAttributes = {
					E7B2EFB4190AA65300EEE931 = {
						TestTargetID = E7B2EF93190AA65200EEE931;
					};
				};
			};
			buildConfigurationList = E7B2EF8F190AA65200EEE931 /* Build configuration list for PBXProject "WeatherUnderground" */;
			compatibilityVersion = "Xcode 3.2";
			developmentRegion = English;
			hasScannedForEncodings = 0;
			knownRegions = (
				en,
				Base,
			);
			mainGroup = E7B2EF8B190AA65200EEE931;
			productRefGroup = E7B2EF95190AA65200EEE931 /* Products */;
			projectDirPath = "";
			projectRoot = "";
			targets = (
				E7B2EF93190AA65200EEE931 /* WeatherUnderground */,
				E7B2EFB4190AA65300EEE931 /* WeatherUndergroundTests */,
			);
		};
/* End PBXProject section */

/* Begin PBXResourcesBuildPhase section */
		E7B2EF92190AA65200EEE931 /* Resources */ = {
			isa = PBXResourcesBuildPhase;
			buildActionMask = 2147483647;
			files = (
				E7B2EFB0190AA65200EEE931 /* Images.xcassets in Resources */,
				E7B2EFA2190AA65200EEE931 /* InfoPlist.strings in Resources */,
				E7B2EFAB190AA65200EEE931 /* Main.storyboard in Resources */,
			);
			runOnlyForDeploymentPostprocessing = 0;
		};
		E7B2EFB3190AA65300EEE931 /* Resources */ = {
			isa = PBXResourcesBuildPhase;
			buildActionMask = 2147483647;
			files = (
				E7B2EFC1190AA65300EEE931 /* InfoPlist.strings in Resources */,
			);
			runOnlyForDeploymentPostprocessing = 0;
		};
/* End PBXResourcesBuildPhase section */

/* Begin PBXSourcesBuildPhase section */
		E7B2EF90190AA65200EEE931 /* Sources */ = {
			isa = PBXSourcesBuildPhase;
			buildActionMask = 2147483647;
			files = (
				E7B2EFA8190AA65200EEE931 /* WUAppDelegate.m in Sources */,
				E7B2EFA4190AA65200EEE931 /* main.m in Sources */,
				E7B2EFAE190AA65200EEE931 /* WUViewController.m in Sources */,
			);
			runOnlyForDeploymentPostprocessing = 0;
		};
		E7B2EFB1190AA65300EEE931 /* Sources */ = {
			isa = PBXSourcesBuildPhase;
			buildActionMask = 2147483647;
			files = (
				E7B2EFC3190AA65300EEE931 /* WeatherUndergroundTests.m in Sources */,
			);
			runOnlyForDeploymentPostprocessing = 0;
		};
/* End PBXSourcesBuildPhase section */

/* Begin PBXTargetDependency section */
		E7B2EFBB190AA65300EEE931 /* PBXTargetDependency */ = {
			isa = PBXTargetDependency;
			target = E7B2EF93190AA65200EEE931 /* WeatherUnderground */;
			targetProxy = E7B2EFBA190AA65300EEE931 /* PBXContainerItemProxy */;
		};
/* End PBXTargetDependency section */

/* Begin PBXVariantGroup section */
		E7B2EFA0190AA65200EEE931 /* InfoPlist.strings */ = {
			isa = PBXVariantGroup;
			children = (
				E7B2EFA1190AA65200EEE931 /* en */,
			);
			name = InfoPlist.strings;
			sourceTree = "<group>";
		};
		E7B2EFA9190AA65200EEE931 /* Main.storyboard */ = {
			isa = PBXVariantGroup;
			children = (
				E7B2EFAA190AA65200EEE931 /* Base */,
			);
			name = Main.storyboard;
			sourceTree = "<group>";
		};
		E7B2EFBF190AA65300EEE931 /* InfoPlist.strings */ = {
			isa = PBXVariantGroup;
			children = (
				E7B2EFC0190AA65300EEE931 /* en */,
			);
			name = InfoPlist.strings;
			sourceTree = "<group>";
		};
/* End PBXVariantGroup section */

/* Begin XCBuildConfiguration section */
		E7B2EFC4190AA65300EEE931 /* Debug */ = {
			isa = XCBuildConfiguration;
			buildSettings = {
				ALWAYS_SEARCH_USER_PATHS = NO;
				CLANG_CXX_LANGUAGE_STANDARD = "gnu++0x";
				CLANG_CXX_LIBRARY = "libc++";
				CLANG_ENABLE_MODULES = YES;
				CLANG_ENABLE_OBJC_ARC = YES;
				CLANG_WARN_BOOL_CONVERSION = YES;
				CLANG_WARN_CONSTANT_CONVERSION = YES;
				CLANG_WARN_DIRECT_OBJC_ISA_USAGE = YES_ERROR;
				CLANG_WARN_EMPTY_BODY = YES;
				CLANG_WARN_ENUM_CONVERSION = YES;
				CLANG_WARN_INT_CONVERSION = YES;
				CLANG_WARN_OBJC_ROOT_CLASS = YES_ERROR;
				CLANG_WARN__DUPLICATE_METHOD_MATCH = YES;
				"CODE_SIGN_IDENTITY[sdk=iphoneos*]" = "iPhone Developer";
				COPY_PHASE_STRIP = NO;
				GCC_C_LANGUAGE_STANDARD = gnu99;
				GCC_DYNAMIC_NO_PIC = NO;
				GCC_OPTIMIZATION_LEVEL = 0;
				GCC_PREPROCESSOR_DEFINITIONS = (
					"DEBUG=1",
					"$(inherited)",
				);
				GCC_SYMBOLS_PRIVATE_EXTERN = NO;
				GCC_WARN_64_TO_32_BIT_CONVERSION = YES;
				GCC_WARN_ABOUT_RETURN_TYPE = YES_ERROR;
				GCC_WARN_UNDECLARED_SELECTOR = YES;
				GCC_WARN_UNINITIALIZED_AUTOS = YES_AGGRESSIVE;
				GCC_WARN_UNUSED_FUNCTION = YES;
				GCC_WARN_UNUSED_VARIABLE = YES;
				IPHONEOS_DEPLOYMENT_TARGET = 7.1;
				ONLY_ACTIVE_ARCH = YES;
				SDKROOT = iphoneos;
			};
			name = Debug;
		};
		E7B2EFC5190AA65300EEE931 /* Release */ = {
			isa = XCBuildConfiguration;
			buildSettings = {
				ALWAYS_SEARCH_USER_PATHS = NO;
				CLANG_CXX_LANGUAGE_STANDARD = "gnu++0x";
				CLANG_CXX_LIBRARY = "libc++";
				CLANG_ENABLE_MODULES = YES;
				CLANG_ENABLE_OBJC_ARC = YES;
				CLANG_WARN_BOOL_CONVERSION = YES;
				CLANG_WARN_CONSTANT_CONVERSION = YES;
				CLANG_WARN_DIRECT_OBJC_ISA_USAGE = YES_ERROR;
				CLANG_WARN_EMPTY_BODY = YES;
				CLANG_WARN_ENUM_CONVERSION = YES;
				CLANG_WARN_INT_CONVERSION = YES;
				CLANG_WARN_OBJC_ROOT_CLASS = YES_ERROR;
				CLANG_WARN__DUPLICATE_METHOD_MATCH = YES;
				"CODE_SIGN_IDENTITY[sdk=iphoneos*]" = "iPhone Developer";
				COPY_PHASE_STRIP = YES;
				ENABLE_NS_ASSERTIONS = NO;
				GCC_C_LANGUAGE_STANDARD = gnu99;
				GCC_WARN_64_TO_32_BIT_CONVERSION = YES;
				GCC_WARN_ABOUT_RETURN_TYPE = YES_ERROR;
				GCC_WARN_UNDECLARED_SELECTOR = YES;
				GCC_WARN_UNINITIALIZED_AUTOS = YES_AGGRESSIVE;
				GCC_WARN_UNUSED_FUNCTION = YES;
				GCC_WARN_UNUSED_VARIABLE = YES;
				IPHONEOS_DEPLOYMENT_TARGET = 7.1;
				SDKROOT = iphoneos;
				VALIDATE_PRODUCT = YES;
			};
			name = Release;
		};
		E7B2EFC7190AA65300EEE931 /* Debug */ = {
			isa = XCBuildConfiguration;
			buildSettings = {
				ASSETCATALOG_COMPILER_APPICON_NAME = AppIcon;
				ASSETCATALOG_COMPILER_LAUNCHIMAGE_NAME = LaunchImage;
				GCC_PRECOMPILE_PREFIX_HEADER = YES;
				GCC_PREFIX_HEADER = "WeatherUnderground/WeatherUnderground-Prefix.pch";
				INFOPLIST_FILE = "WeatherUnderground/WeatherUnderground-Info.plist";
				PRODUCT_NAME = "$(TARGET_NAME)";
				WRAPPER_EXTENSION = app;
			};
			name = Debug;
		};
		E7B2EFC8190AA65300EEE931 /* Release */ = {
			isa = XCBuildConfiguration;
			buildSettings = {
				ASSETCATALOG_COMPILER_APPICON_NAME = AppIcon;
				ASSETCATALOG_COMPILER_LAUNCHIMAGE_NAME = LaunchImage;
				GCC_PRECOMPILE_PREFIX_HEADER = YES;
				GCC_PREFIX_HEADER = "WeatherUnderground/WeatherUnderground-Prefix.pch";
				INFOPLIST_FILE = "WeatherUnderground/WeatherUnderground-Info.plist";
				PRODUCT_NAME = "$(TARGET_NAME)";
				WRAPPER_EXTENSION = app;
			};
			name = Release;
		};
		E7B2EFCA190AA65300EEE931 /* Debug */ = {
			isa = XCBuildConfiguration;
			buildSettings = {
				BUNDLE_LOADER = "$(BUILT_PRODUCTS_DIR)/WeatherUnderground.app/WeatherUnderground";
				FRAMEWORK_SEARCH_PATHS = (
					"$(SDKROOT)/Developer/Library/Frameworks",
					"$(inherited)",
					"$(DEVELOPER_FRAMEWORKS_DIR)",
				);
				GCC_PRECOMPILE_PREFIX_HEADER = YES;
				GCC_PREFIX_HEADER = "WeatherUnderground/WeatherUnderground-Prefix.pch";
				GCC_PREPROCESSOR_DEFINITIONS = (
					"DEBUG=1",
					"$(inherited)",
				);
				INFOPLIST_FILE = "WeatherUndergroundTests/WeatherUndergroundTests-Info.plist";
				PRODUCT_NAME = "$(TARGET_NAME)";
				TEST_HOST = "$(BUNDLE_LOADER)";
				WRAPPER_EXTENSION = xctest;
			};
			name = Debug;
		};
		E7B2EFCB190AA65300EEE931 /* Release */ = {
			isa = XCBuildConfiguration;
			buildSettings = {
				BUNDLE_LOADER = "$(BUILT_PRODUCTS_DIR)/WeatherUnderground.app/WeatherUnderground";
				FRAMEWORK_SEARCH_PATHS = (
					"$(SDKROOT)/Developer/Library/Frameworks",
					"$(inherited)",
					"$(DEVELOPER_FRAMEWORKS_DIR)",
				);
				GCC_PRECOMPILE_PREFIX_HEADER = YES;
				GCC_PREFIX_HEADER = "WeatherUnderground/WeatherUnderground-Prefix.pch";
				INFOPLIST_FILE = "WeatherUndergroundTests/WeatherUndergroundTests-Info.plist";
				PRODUCT_NAME = "$(TARGET_NAME)";
				TEST_HOST = "$(BUNDLE_LOADER)";
				WRAPPER_EXTENSION = xctest;
			};
			name = Release;
		};
/* End XCBuildConfiguration section */

/* Begin XCConfigurationList section */
		E7B2EF8F190AA65200EEE931 /* Build configuration list for PBXProject "WeatherUnderground" */ = {
			isa = XCConfigurationList;
			buildConfigurations = (
				E7B2EFC4190AA65300EEE931 /* Debug */,
				E7B2EFC5190AA65300EEE931 /* Release */,
			);
			defaultConfigurationIsVisible = 0;
			defaultConfigurationName = Release;
		};
		E7B2EFC6190AA65300EEE931 /* Build configuration list for PBXNativeTarget "WeatherUnderground" */ = {
			isa = XCConfigurationList;
			buildConfigurations = (
				E7B2EFC7190AA65300EEE931 /* Debug */,
				E7B2EFC8190AA65300EEE931 /* Release */,
			);
			defaultConfigurationIsVisible = 0;
		};
		E7B2EFC9190AA65300EEE931 /* Build configuration list for PBXNativeTarget "WeatherUndergroundTests" */ = {
			isa = XCConfigurationList;
			buildConfigurations = (
				E7B2EFCA190AA65300EEE931 /* Debug */,
				E7B2EFCB190AA65300EEE931 /* Release */,
			);
			defaultConfigurationIsVisible = 0;
		};
/* End XCConfigurationList section */
	};
	rootObject = E7B2EF8C190AA65200EEE931 /* Project object */;
}
